
Microsoft Visual Studio Solution File, Format Version 12.00
# Visual Studio Version 17
VisualStudioVersion = 17.1.32328.378
MinimumVisualStudioVersion = 10.0.40219.1
Project("{9A19103F-16F7-4668-BE54-9A1E7A4F7556}") = "Day1", "Day1\Day1.csproj", "{DDBD52C9-9AAE-42DA-8DB6-3C2450F678D1}"
EndProject
Project("{FAE04EC0-301F-11D3-BF4B-00C04F79EFBC}") = "Day2", "Day2\Day2.csproj", "{097FA24A-FDDA-490A-B7A1-B73DC6F43455}"
EndProject
Global
	GlobalSection(SolutionConfigurationPlatforms) = preSolution
		Debug|Any CPU = Debug|Any CPU
		Release|Any CPU = Release|Any CPU
	EndGlobalSection
	GlobalSection(ProjectConfigurationPlatforms) = postSolution
		{DDBD52C9-9AAE-42DA-8DB6-3C2450F678D1}.Debug|Any CPU.ActiveCfg = Debug|Any CPU
		{DDBD52C9-9AAE-42DA-8DB6-3C2450F678D1}.Debug|Any CPU.Build.0 = Debug|Any CPU
		{DDBD52C9-9AAE-42DA-8DB6-3C2450F678D1}.Release|Any CPU.ActiveCfg = Release|Any CPU
		{DDBD52C9-9AAE-42DA-8DB6-3C2450F678D1}.Release|Any CPU.Build.0 = Release|Any CPU
		{097FA24A-FDDA-490A-B7A1-B73DC6F43455}.Debug|Any CPU.ActiveCfg = Debug|Any CPU
		{097FA24A-FDDA-490A-B7A1-B73DC6F43455}.Debug|Any CPU.Build.0 = Debug|Any CPU
		{097FA24A-FDDA-490A-B7A1-B73DC6F43455}.Release|Any CPU.ActiveCfg = Release|Any CPU
		{097FA24A-FDDA-490A-B7A1-B73DC6F43455}.Release|Any CPU.Build.0 = Release|Any CPU
	EndGlobalSection
	GlobalSection(SolutionProperties) = preSolution
		HideSolutionNode = FALSE
	EndGlobalSection
	GlobalSection(ExtensibilityGlobals) = postSolution
		SolutionGuid = {E481194D-FF99-49BD-85C5-5B54078C15D0}
	EndGlobalSection
EndGlobal
