
Microsoft Visual Studio Solution File, Format Version 12.00
# Visual Studio Version 17
VisualStudioVersion = 17.1.32328.378
MinimumVisualStudioVersion = 10.0.40219.1
Project("{9A19103F-16F7-4668-BE54-9A1E7A4F7556}") = "Day1", "Day1\Day1.csproj", "{DDBD52C9-9AAE-42DA-8DB6-3C2450F678D1}"
EndProject
Project("{9A19103F-16F7-4668-BE54-9A1E7A4F7556}") = "Day2", "Day2\Day2.csproj", "{097FA24A-FDDA-490A-B7A1-B73DC6F43455}"
EndProject
Project("{9A19103F-16F7-4668-BE54-9A1E7A4F7556}") = "Day3", "Day3\Day3.csproj", "{7508FE0E-9D9F-4393-821A-D304BCA74246}"
EndProject
Project("{9A19103F-16F7-4668-BE54-9A1E7A4F7556}") = "Day4", "Day4\Day4.csproj", "{1D2F50D9-BC12-42D3-A69D-D4B48F60BB08}"
EndProject
Project("{9A19103F-16F7-4668-BE54-9A1E7A4F7556}") = "Day5", "Day5\Day5.csproj", "{BE71599F-3F59-402D-AC22-7DCA073CD17A}"
EndProject
Project("{9A19103F-16F7-4668-BE54-9A1E7A4F7556}") = "Day6", "Day6\Day6.csproj", "{00DE26A3-AA2C-4C98-A339-DC98C297F8F8}"
EndProject
Project("{9A19103F-16F7-4668-BE54-9A1E7A4F7556}") = "Day7", "Day7\Day7.csproj", "{963BF52D-398B-432D-A728-D58786A9F030}"
EndProject
Project("{9A19103F-16F7-4668-BE54-9A1E7A4F7556}") = "Day8", "Day8\Day8.csproj", "{48DE260C-B8A9-4D92-A6BF-623362117C2F}"
EndProject
Project("{9A19103F-16F7-4668-BE54-9A1E7A4F7556}") = "Day9", "Day9\Day9.csproj", "{6E9C8D37-A5B0-4300-AD28-0820261CD124}"
EndProject
Project("{9A19103F-16F7-4668-BE54-9A1E7A4F7556}") = "Day10", "Day10\Day10.csproj", "{53DADDAB-3501-4697-8335-DD7D29911889}"
EndProject
Project("{9A19103F-16F7-4668-BE54-9A1E7A4F7556}") = "Day11", "Day11\Day11.csproj", "{A2172004-43C7-455C-80C9-BC4BD08558E7}"
EndProject
Project("{9A19103F-16F7-4668-BE54-9A1E7A4F7556}") = "Day12", "Day12\Day12.csproj", "{B6704A03-FDD0-4B11-AAB0-5E5119C7F34A}"
EndProject
Project("{9A19103F-16F7-4668-BE54-9A1E7A4F7556}") = "Day14", "Day14\Day14.csproj", "{C39664B0-302B-493E-8000-5DD8F05794D1}"
EndProject
Project("{9A19103F-16F7-4668-BE54-9A1E7A4F7556}") = "Day13", "Day13\Day13.csproj", "{B0BC53B2-347B-47D4-A584-9BE77C486E8A}"
EndProject
Project("{9A19103F-16F7-4668-BE54-9A1E7A4F7556}") = "Day15", "Day15\Day15.csproj", "{9A3AFED1-4116-44C9-8B0B-B09D3E78463A}"
EndProject
Project("{FAE04EC0-301F-11D3-BF4B-00C04F79EFBC}") = "Day16", "Day16\Day16.csproj", "{B5D4D592-290F-4082-96B0-F40E56239B34}"
EndProject
Project("{FAE04EC0-301F-11D3-BF4B-00C04F79EFBC}") = "AdventOfCode.Utilities", "AdventOfCode.Utilities\AdventOfCode.Utilities.csproj", "{89292C68-5772-4897-9E35-EA5D667B560C}"
EndProject
Global
	GlobalSection(SolutionConfigurationPlatforms) = preSolution
		Debug|Any CPU = Debug|Any CPU
		Release|Any CPU = Release|Any CPU
	EndGlobalSection
	GlobalSection(ProjectConfigurationPlatforms) = postSolution
		{DDBD52C9-9AAE-42DA-8DB6-3C2450F678D1}.Debug|Any CPU.ActiveCfg = Debug|Any CPU
		{DDBD52C9-9AAE-42DA-8DB6-3C2450F678D1}.Debug|Any CPU.Build.0 = Debug|Any CPU
		{DDBD52C9-9AAE-42DA-8DB6-3C2450F678D1}.Release|Any CPU.ActiveCfg = Release|Any CPU
		{DDBD52C9-9AAE-42DA-8DB6-3C2450F678D1}.Release|Any CPU.Build.0 = Release|Any CPU
		{097FA24A-FDDA-490A-B7A1-B73DC6F43455}.Debug|Any CPU.ActiveCfg = Debug|Any CPU
		{097FA24A-FDDA-490A-B7A1-B73DC6F43455}.Debug|Any CPU.Build.0 = Debug|Any CPU
		{097FA24A-FDDA-490A-B7A1-B73DC6F43455}.Release|Any CPU.ActiveCfg = Release|Any CPU
		{097FA24A-FDDA-490A-B7A1-B73DC6F43455}.Release|Any CPU.Build.0 = Release|Any CPU
		{7508FE0E-9D9F-4393-821A-D304BCA74246}.Debug|Any CPU.ActiveCfg = Debug|Any CPU
		{7508FE0E-9D9F-4393-821A-D304BCA74246}.Debug|Any CPU.Build.0 = Debug|Any CPU
		{7508FE0E-9D9F-4393-821A-D304BCA74246}.Release|Any CPU.ActiveCfg = Release|Any CPU
		{7508FE0E-9D9F-4393-821A-D304BCA74246}.Release|Any CPU.Build.0 = Release|Any CPU
		{1D2F50D9-BC12-42D3-A69D-D4B48F60BB08}.Debug|Any CPU.ActiveCfg = Debug|Any CPU
		{1D2F50D9-BC12-42D3-A69D-D4B48F60BB08}.Debug|Any CPU.Build.0 = Debug|Any CPU
		{1D2F50D9-BC12-42D3-A69D-D4B48F60BB08}.Release|Any CPU.ActiveCfg = Release|Any CPU
		{1D2F50D9-BC12-42D3-A69D-D4B48F60BB08}.Release|Any CPU.Build.0 = Release|Any CPU
		{BE71599F-3F59-402D-AC22-7DCA073CD17A}.Debug|Any CPU.ActiveCfg = Debug|Any CPU
		{BE71599F-3F59-402D-AC22-7DCA073CD17A}.Debug|Any CPU.Build.0 = Debug|Any CPU
		{BE71599F-3F59-402D-AC22-7DCA073CD17A}.Release|Any CPU.ActiveCfg = Release|Any CPU
		{BE71599F-3F59-402D-AC22-7DCA073CD17A}.Release|Any CPU.Build.0 = Release|Any CPU
		{00DE26A3-AA2C-4C98-A339-DC98C297F8F8}.Debug|Any CPU.ActiveCfg = Debug|Any CPU
		{00DE26A3-AA2C-4C98-A339-DC98C297F8F8}.Debug|Any CPU.Build.0 = Debug|Any CPU
		{00DE26A3-AA2C-4C98-A339-DC98C297F8F8}.Release|Any CPU.ActiveCfg = Release|Any CPU
		{00DE26A3-AA2C-4C98-A339-DC98C297F8F8}.Release|Any CPU.Build.0 = Release|Any CPU
		{963BF52D-398B-432D-A728-D58786A9F030}.Debug|Any CPU.ActiveCfg = Debug|Any CPU
		{963BF52D-398B-432D-A728-D58786A9F030}.Debug|Any CPU.Build.0 = Debug|Any CPU
		{963BF52D-398B-432D-A728-D58786A9F030}.Release|Any CPU.ActiveCfg = Release|Any CPU
		{963BF52D-398B-432D-A728-D58786A9F030}.Release|Any CPU.Build.0 = Release|Any CPU
		{48DE260C-B8A9-4D92-A6BF-623362117C2F}.Debug|Any CPU.ActiveCfg = Debug|Any CPU
		{48DE260C-B8A9-4D92-A6BF-623362117C2F}.Debug|Any CPU.Build.0 = Debug|Any CPU
		{48DE260C-B8A9-4D92-A6BF-623362117C2F}.Release|Any CPU.ActiveCfg = Release|Any CPU
		{48DE260C-B8A9-4D92-A6BF-623362117C2F}.Release|Any CPU.Build.0 = Release|Any CPU
		{6E9C8D37-A5B0-4300-AD28-0820261CD124}.Debug|Any CPU.ActiveCfg = Debug|Any CPU
		{6E9C8D37-A5B0-4300-AD28-0820261CD124}.Debug|Any CPU.Build.0 = Debug|Any CPU
		{6E9C8D37-A5B0-4300-AD28-0820261CD124}.Release|Any CPU.ActiveCfg = Release|Any CPU
		{6E9C8D37-A5B0-4300-AD28-0820261CD124}.Release|Any CPU.Build.0 = Release|Any CPU
		{53DADDAB-3501-4697-8335-DD7D29911889}.Debug|Any CPU.ActiveCfg = Debug|Any CPU
		{53DADDAB-3501-4697-8335-DD7D29911889}.Debug|Any CPU.Build.0 = Debug|Any CPU
		{53DADDAB-3501-4697-8335-DD7D29911889}.Release|Any CPU.ActiveCfg = Release|Any CPU
		{53DADDAB-3501-4697-8335-DD7D29911889}.Release|Any CPU.Build.0 = Release|Any CPU
		{A2172004-43C7-455C-80C9-BC4BD08558E7}.Debug|Any CPU.ActiveCfg = Debug|Any CPU
		{A2172004-43C7-455C-80C9-BC4BD08558E7}.Debug|Any CPU.Build.0 = Debug|Any CPU
		{A2172004-43C7-455C-80C9-BC4BD08558E7}.Release|Any CPU.ActiveCfg = Release|Any CPU
		{A2172004-43C7-455C-80C9-BC4BD08558E7}.Release|Any CPU.Build.0 = Release|Any CPU
		{B6704A03-FDD0-4B11-AAB0-5E5119C7F34A}.Debug|Any CPU.ActiveCfg = Debug|Any CPU
		{B6704A03-FDD0-4B11-AAB0-5E5119C7F34A}.Debug|Any CPU.Build.0 = Debug|Any CPU
		{B6704A03-FDD0-4B11-AAB0-5E5119C7F34A}.Release|Any CPU.ActiveCfg = Release|Any CPU
		{B6704A03-FDD0-4B11-AAB0-5E5119C7F34A}.Release|Any CPU.Build.0 = Release|Any CPU
		{C39664B0-302B-493E-8000-5DD8F05794D1}.Debug|Any CPU.ActiveCfg = Debug|Any CPU
		{C39664B0-302B-493E-8000-5DD8F05794D1}.Debug|Any CPU.Build.0 = Debug|Any CPU
		{C39664B0-302B-493E-8000-5DD8F05794D1}.Release|Any CPU.ActiveCfg = Release|Any CPU
		{C39664B0-302B-493E-8000-5DD8F05794D1}.Release|Any CPU.Build.0 = Release|Any CPU
		{B0BC53B2-347B-47D4-A584-9BE77C486E8A}.Debug|Any CPU.ActiveCfg = Debug|Any CPU
		{B0BC53B2-347B-47D4-A584-9BE77C486E8A}.Debug|Any CPU.Build.0 = Debug|Any CPU
		{B0BC53B2-347B-47D4-A584-9BE77C486E8A}.Release|Any CPU.ActiveCfg = Release|Any CPU
		{B0BC53B2-347B-47D4-A584-9BE77C486E8A}.Release|Any CPU.Build.0 = Release|Any CPU
		{9A3AFED1-4116-44C9-8B0B-B09D3E78463A}.Debug|Any CPU.ActiveCfg = Debug|Any CPU
		{9A3AFED1-4116-44C9-8B0B-B09D3E78463A}.Debug|Any CPU.Build.0 = Debug|Any CPU
		{9A3AFED1-4116-44C9-8B0B-B09D3E78463A}.Release|Any CPU.ActiveCfg = Release|Any CPU
		{9A3AFED1-4116-44C9-8B0B-B09D3E78463A}.Release|Any CPU.Build.0 = Release|Any CPU
		{B5D4D592-290F-4082-96B0-F40E56239B34}.Debug|Any CPU.ActiveCfg = Debug|Any CPU
		{B5D4D592-290F-4082-96B0-F40E56239B34}.Debug|Any CPU.Build.0 = Debug|Any CPU
		{B5D4D592-290F-4082-96B0-F40E56239B34}.Release|Any CPU.ActiveCfg = Release|Any CPU
		{B5D4D592-290F-4082-96B0-F40E56239B34}.Release|Any CPU.Build.0 = Release|Any CPU
		{89292C68-5772-4897-9E35-EA5D667B560C}.Debug|Any CPU.ActiveCfg = Debug|Any CPU
		{89292C68-5772-4897-9E35-EA5D667B560C}.Debug|Any CPU.Build.0 = Debug|Any CPU
		{89292C68-5772-4897-9E35-EA5D667B560C}.Release|Any CPU.ActiveCfg = Release|Any CPU
		{89292C68-5772-4897-9E35-EA5D667B560C}.Release|Any CPU.Build.0 = Release|Any CPU
	EndGlobalSection
	GlobalSection(SolutionProperties) = preSolution
		HideSolutionNode = FALSE
	EndGlobalSection
	GlobalSection(ExtensibilityGlobals) = postSolution
		SolutionGuid = {E481194D-FF99-49BD-85C5-5B54078C15D0}
	EndGlobalSection
EndGlobal
