
Microsoft Visual Studio Solution File, Format Version 12.00
# Visual Studio Version 17
VisualStudioVersion = 17.1.32328.378
MinimumVisualStudioVersion = 10.0.40219.1
Project("{9A19103F-16F7-4668-BE54-9A1E7A4F7556}") = "Day1", "Day1\Day1.csproj", "{DDBD52C9-9AAE-42DA-8DB6-3C2450F678D1}"
EndProject
Project("{9A19103F-16F7-4668-BE54-9A1E7A4F7556}") = "Day2", "Day2\Day2.csproj", "{097FA24A-FDDA-490A-B7A1-B73DC6F43455}"
EndProject
Project("{9A19103F-16F7-4668-BE54-9A1E7A4F7556}") = "Day3", "Day3\Day3.csproj", "{7508FE0E-9D9F-4393-821A-D304BCA74246}"
EndProject
Project("{9A19103F-16F7-4668-BE54-9A1E7A4F7556}") = "Day4", "Day4\Day4.csproj", "{1D2F50D9-BC12-42D3-A69D-D4B48F60BB08}"
EndProject
Project("{9A19103F-16F7-4668-BE54-9A1E7A4F7556}") = "Day5", "Day5\Day5.csproj", "{BE71599F-3F59-402D-AC22-7DCA073CD17A}"
EndProject
Project("{9A19103F-16F7-4668-BE54-9A1E7A4F7556}") = "Day6", "Day6\Day6.csproj", "{00DE26A3-AA2C-4C98-A339-DC98C297F8F8}"
EndProject
Project("{9A19103F-16F7-4668-BE54-9A1E7A4F7556}") = "Day7", "Day7\Day7.csproj", "{963BF52D-398B-432D-A728-D58786A9F030}"
EndProject
Project("{9A19103F-16F7-4668-BE54-9A1E7A4F7556}") = "Day8", "Day8\Day8.csproj", "{48DE260C-B8A9-4D92-A6BF-623362117C2F}"
EndProject
Project("{FAE04EC0-301F-11D3-BF4B-00C04F79EFBC}") = "Day9", "Day9\Day9.csproj", "{6E9C8D37-A5B0-4300-AD28-0820261CD124}"
EndProject
Global
	GlobalSection(SolutionConfigurationPlatforms) = preSolution
		Debug|Any CPU = Debug|Any CPU
		Release|Any CPU = Release|Any CPU
	EndGlobalSection
	GlobalSection(ProjectConfigurationPlatforms) = postSolution
		{DDBD52C9-9AAE-42DA-8DB6-3C2450F678D1}.Debug|Any CPU.ActiveCfg = Debug|Any CPU
		{DDBD52C9-9AAE-42DA-8DB6-3C2450F678D1}.Debug|Any CPU.Build.0 = Debug|Any CPU
		{DDBD52C9-9AAE-42DA-8DB6-3C2450F678D1}.Release|Any CPU.ActiveCfg = Release|Any CPU
		{DDBD52C9-9AAE-42DA-8DB6-3C2450F678D1}.Release|Any CPU.Build.0 = Release|Any CPU
		{097FA24A-FDDA-490A-B7A1-B73DC6F43455}.Debug|Any CPU.ActiveCfg = Debug|Any CPU
		{097FA24A-FDDA-490A-B7A1-B73DC6F43455}.Debug|Any CPU.Build.0 = Debug|Any CPU
		{097FA24A-FDDA-490A-B7A1-B73DC6F43455}.Release|Any CPU.ActiveCfg = Release|Any CPU
		{097FA24A-FDDA-490A-B7A1-B73DC6F43455}.Release|Any CPU.Build.0 = Release|Any CPU
		{7508FE0E-9D9F-4393-821A-D304BCA74246}.Debug|Any CPU.ActiveCfg = Debug|Any CPU
		{7508FE0E-9D9F-4393-821A-D304BCA74246}.Debug|Any CPU.Build.0 = Debug|Any CPU
		{7508FE0E-9D9F-4393-821A-D304BCA74246}.Release|Any CPU.ActiveCfg = Release|Any CPU
		{7508FE0E-9D9F-4393-821A-D304BCA74246}.Release|Any CPU.Build.0 = Release|Any CPU
		{1D2F50D9-BC12-42D3-A69D-D4B48F60BB08}.Debug|Any CPU.ActiveCfg = Debug|Any CPU
		{1D2F50D9-BC12-42D3-A69D-D4B48F60BB08}.Debug|Any CPU.Build.0 = Debug|Any CPU
		{1D2F50D9-BC12-42D3-A69D-D4B48F60BB08}.Release|Any CPU.ActiveCfg = Release|Any CPU
		{1D2F50D9-BC12-42D3-A69D-D4B48F60BB08}.Release|Any CPU.Build.0 = Release|Any CPU
		{BE71599F-3F59-402D-AC22-7DCA073CD17A}.Debug|Any CPU.ActiveCfg = Debug|Any CPU
		{BE71599F-3F59-402D-AC22-7DCA073CD17A}.Debug|Any CPU.Build.0 = Debug|Any CPU
		{BE71599F-3F59-402D-AC22-7DCA073CD17A}.Release|Any CPU.ActiveCfg = Release|Any CPU
		{BE71599F-3F59-402D-AC22-7DCA073CD17A}.Release|Any CPU.Build.0 = Release|Any CPU
		{00DE26A3-AA2C-4C98-A339-DC98C297F8F8}.Debug|Any CPU.ActiveCfg = Debug|Any CPU
		{00DE26A3-AA2C-4C98-A339-DC98C297F8F8}.Debug|Any CPU.Build.0 = Debug|Any CPU
		{00DE26A3-AA2C-4C98-A339-DC98C297F8F8}.Release|Any CPU.ActiveCfg = Release|Any CPU
		{00DE26A3-AA2C-4C98-A339-DC98C297F8F8}.Release|Any CPU.Build.0 = Release|Any CPU
		{963BF52D-398B-432D-A728-D58786A9F030}.Debug|Any CPU.ActiveCfg = Debug|Any CPU
		{963BF52D-398B-432D-A728-D58786A9F030}.Debug|Any CPU.Build.0 = Debug|Any CPU
		{963BF52D-398B-432D-A728-D58786A9F030}.Release|Any CPU.ActiveCfg = Release|Any CPU
		{963BF52D-398B-432D-A728-D58786A9F030}.Release|Any CPU.Build.0 = Release|Any CPU
		{48DE260C-B8A9-4D92-A6BF-623362117C2F}.Debug|Any CPU.ActiveCfg = Debug|Any CPU
		{48DE260C-B8A9-4D92-A6BF-623362117C2F}.Debug|Any CPU.Build.0 = Debug|Any CPU
		{48DE260C-B8A9-4D92-A6BF-623362117C2F}.Release|Any CPU.ActiveCfg = Release|Any CPU
		{48DE260C-B8A9-4D92-A6BF-623362117C2F}.Release|Any CPU.Build.0 = Release|Any CPU
		{6E9C8D37-A5B0-4300-AD28-0820261CD124}.Debug|Any CPU.ActiveCfg = Debug|Any CPU
		{6E9C8D37-A5B0-4300-AD28-0820261CD124}.Debug|Any CPU.Build.0 = Debug|Any CPU
		{6E9C8D37-A5B0-4300-AD28-0820261CD124}.Release|Any CPU.ActiveCfg = Release|Any CPU
		{6E9C8D37-A5B0-4300-AD28-0820261CD124}.Release|Any CPU.Build.0 = Release|Any CPU
	EndGlobalSection
	GlobalSection(SolutionProperties) = preSolution
		HideSolutionNode = FALSE
	EndGlobalSection
	GlobalSection(ExtensibilityGlobals) = postSolution
		SolutionGuid = {E481194D-FF99-49BD-85C5-5B54078C15D0}
	EndGlobalSection
EndGlobal
